
Microsoft Visual Studio Solution File, Format Version 12.00
# Visual Studio Version 17
VisualStudioVersion = 17.3.32929.385
MinimumVisualStudioVersion = 10.0.40219.1
Project("{FAE04EC0-301F-11D3-BF4B-00C04F79EFBC}") = "output", "output\output.csproj", "{3DA0BE19-EE05-4F6B-BCFD-01E132D22986}"
EndProject
Global
	GlobalSection(SolutionConfigurationPlatforms) = preSolution
		Debug|Any CPU = Debug|Any CPU
		Release|Any CPU = Release|Any CPU
	EndGlobalSection
	GlobalSection(ProjectConfigurationPlatforms) = postSolution
		{3DA0BE19-EE05-4F6B-BCFD-01E132D22986}.Debug|Any CPU.ActiveCfg = Debug|Any CPU
		{3DA0BE19-EE05-4F6B-BCFD-01E132D22986}.Debug|Any CPU.Build.0 = Debug|Any CPU
		{3DA0BE19-EE05-4F6B-BCFD-01E132D22986}.Release|Any CPU.ActiveCfg = Release|Any CPU
		{3DA0BE19-EE05-4F6B-BCFD-01E132D22986}.Release|Any CPU.Build.0 = Release|Any CPU
	EndGlobalSection
	GlobalSection(SolutionProperties) = preSolution
		HideSolutionNode = FALSE
	EndGlobalSection
	GlobalSection(ExtensibilityGlobals) = postSolution
		SolutionGuid = {DE9A9D38-92A9-4A29-B03E-8C02EFBB0484}
	EndGlobalSection
EndGlobal
